{
  "nodes": {
    "nixpkgs": {
      "locked": {
        "lastModified": 1729962685,
        "narHash": "sha256-ETzYzsZ0aDsTJFJeLzSYozv3eICSVBn/wWdw7YUUYU4=",
        "owner": "NixOS",
        "repo": "nixpkgs",
        "rev": "e041d36e619b6f8f13dbc3d4535fdfbf2aff56b1",
        "type": "github"
      },
      "original": {
        "owner": "NixOS",
        "repo": "nixpkgs",
        "type": "github"
      }
    },
    "nixpkgs_2": {
      "locked": {
        "lastModified": 1729850857,
        "narHash": "sha256-WvLXzNNnnw+qpFOmgaM3JUlNEH+T4s22b5i2oyyCpXE=",
        "owner": "NixOS",
        "repo": "nixpkgs",
        "rev": "41dea55321e5a999b17033296ac05fe8a8b5a257",
        "type": "github"
      },
      "original": {
        "owner": "NixOS",
        "ref": "nixpkgs-unstable",
        "repo": "nixpkgs",
        "type": "github"
      }
    },
    "root": {
      "inputs": {
        "nixpkgs": "nixpkgs",
        "rust-overlay": "rust-overlay"
      }
    },
    "rust-overlay": {
      "inputs": {
        "nixpkgs": "nixpkgs_2"
      },
      "locked": {
        "lastModified": 1729823394,
        "narHash": "sha256-RiinJqorqSLKh1oSpiMHnBe6nQdJzE45lX6fSnAuDnI=",
        "owner": "oxalica",
        "repo": "rust-overlay",
        "rev": "7e52e80f5faa374ad4c607d62c6d362589cb523f",
        "type": "github"
      },
      "original": {
        "owner": "oxalica",
        "repo": "rust-overlay",
        "type": "github"
      }
    }
  },
  "root": "root",
  "version": 7
}
